
Microsoft Visual Studio Solution File, Format Version 12.00
# Visual Studio 15
VisualStudioVersion = 15.0.26403.7
MinimumVisualStudioVersion = 10.0.40219.1
Project("{FAE04EC0-301F-11D3-BF4B-00C04F79EFBC}") = "HelloWorldWithDatabase", "HelloWorldWithDatabase\HelloWorldWithDatabase.csproj", "{0E9FC3B1-C5AF-4A1D-9825-07527CD0E15F}"
EndProject
Project("{E53339B2-1760-4266-BCC7-CA923CBCF16C}") = "docker-compose", "docker-compose.dcproj", "{4CF8F05B-BD4F-4DCB-B7D1-99C0B7EDA1B7}"
EndProject
Project("{FAE04EC0-301F-11D3-BF4B-00C04F79EFBC}") = "Api", "Api\Api.csproj", "{848F78E1-9658-4D09-A8CF-A7A5F1973F21}"
EndProject
Global
	GlobalSection(SolutionConfigurationPlatforms) = preSolution
		Debug|Any CPU = Debug|Any CPU
		Release|Any CPU = Release|Any CPU
	EndGlobalSection
	GlobalSection(ProjectConfigurationPlatforms) = postSolution
		{0E9FC3B1-C5AF-4A1D-9825-07527CD0E15F}.Debug|Any CPU.ActiveCfg = Debug|Any CPU
		{0E9FC3B1-C5AF-4A1D-9825-07527CD0E15F}.Debug|Any CPU.Build.0 = Debug|Any CPU
		{0E9FC3B1-C5AF-4A1D-9825-07527CD0E15F}.Release|Any CPU.ActiveCfg = Release|Any CPU
		{0E9FC3B1-C5AF-4A1D-9825-07527CD0E15F}.Release|Any CPU.Build.0 = Release|Any CPU
		{4CF8F05B-BD4F-4DCB-B7D1-99C0B7EDA1B7}.Debug|Any CPU.ActiveCfg = Debug|Any CPU
		{4CF8F05B-BD4F-4DCB-B7D1-99C0B7EDA1B7}.Debug|Any CPU.Build.0 = Debug|Any CPU
		{4CF8F05B-BD4F-4DCB-B7D1-99C0B7EDA1B7}.Release|Any CPU.ActiveCfg = Release|Any CPU
		{4CF8F05B-BD4F-4DCB-B7D1-99C0B7EDA1B7}.Release|Any CPU.Build.0 = Release|Any CPU
		{848F78E1-9658-4D09-A8CF-A7A5F1973F21}.Debug|Any CPU.ActiveCfg = Debug|Any CPU
		{848F78E1-9658-4D09-A8CF-A7A5F1973F21}.Debug|Any CPU.Build.0 = Debug|Any CPU
		{848F78E1-9658-4D09-A8CF-A7A5F1973F21}.Release|Any CPU.ActiveCfg = Release|Any CPU
		{848F78E1-9658-4D09-A8CF-A7A5F1973F21}.Release|Any CPU.Build.0 = Release|Any CPU
	EndGlobalSection
	GlobalSection(SolutionProperties) = preSolution
		HideSolutionNode = FALSE
	EndGlobalSection
EndGlobal
